
Microsoft Visual Studio Solution File, Format Version 12.00
# Visual Studio Version 16
VisualStudioVersion = 16.0.29709.97
MinimumVisualStudioVersion = 10.0.40219.1
Project("{FAE04EC0-301F-11D3-BF4B-00C04F79EFBC}") = "WarriorWars", "WarriorWars\WarriorWars.csproj", "{2DF1E623-D0A2-4784-BC19-C9EBC868059B}"
EndProject
Global
	GlobalSection(SolutionConfigurationPlatforms) = preSolution
		Debug|Any CPU = Debug|Any CPU
		Release|Any CPU = Release|Any CPU
	EndGlobalSection
	GlobalSection(ProjectConfigurationPlatforms) = postSolution
		{2DF1E623-D0A2-4784-BC19-C9EBC868059B}.Debug|Any CPU.ActiveCfg = Debug|Any CPU
		{2DF1E623-D0A2-4784-BC19-C9EBC868059B}.Debug|Any CPU.Build.0 = Debug|Any CPU
		{2DF1E623-D0A2-4784-BC19-C9EBC868059B}.Release|Any CPU.ActiveCfg = Release|Any CPU
		{2DF1E623-D0A2-4784-BC19-C9EBC868059B}.Release|Any CPU.Build.0 = Release|Any CPU
	EndGlobalSection
	GlobalSection(SolutionProperties) = preSolution
		HideSolutionNode = FALSE
	EndGlobalSection
	GlobalSection(ExtensibilityGlobals) = postSolution
		SolutionGuid = {1D9F576D-5617-454E-8914-0AD6D7042A4C}
	EndGlobalSection
EndGlobal
